
Microsoft Visual Studio Solution File, Format Version 12.00
# Visual Studio Version 17
VisualStudioVersion = 17.6.33513.286
MinimumVisualStudioVersion = 10.0.40219.1
Project("{FAE04EC0-301F-11D3-BF4B-00C04F79EFBC}") = "Engage", "Engage\Engage.csproj", "{03D7345A-0C08-4635-BA4B-966934924434}"
EndProject
Global
	GlobalSection(SolutionConfigurationPlatforms) = preSolution
		Debug|ARM64 = Debug|ARM64
		Debug|x64 = Debug|x64
		Debug|x86 = Debug|x86
		Release|ARM64 = Release|ARM64
		Release|x64 = Release|x64
		Release|x86 = Release|x86
	EndGlobalSection
	GlobalSection(ProjectConfigurationPlatforms) = postSolution
		{03D7345A-0C08-4635-BA4B-966934924434}.Debug|ARM64.ActiveCfg = Debug|ARM64
		{03D7345A-0C08-4635-BA4B-966934924434}.Debug|ARM64.Build.0 = Debug|ARM64
		{03D7345A-0C08-4635-BA4B-966934924434}.Debug|ARM64.Deploy.0 = Debug|ARM64
		{03D7345A-0C08-4635-BA4B-966934924434}.Debug|x64.ActiveCfg = Debug|x64
		{03D7345A-0C08-4635-BA4B-966934924434}.Debug|x64.Build.0 = Debug|x64
		{03D7345A-0C08-4635-BA4B-966934924434}.Debug|x64.Deploy.0 = Debug|x64
		{03D7345A-0C08-4635-BA4B-966934924434}.Debug|x86.ActiveCfg = Debug|x86
		{03D7345A-0C08-4635-BA4B-966934924434}.Debug|x86.Build.0 = Debug|x86
		{03D7345A-0C08-4635-BA4B-966934924434}.Debug|x86.Deploy.0 = Debug|x86
		{03D7345A-0C08-4635-BA4B-966934924434}.Release|ARM64.ActiveCfg = Release|ARM64
		{03D7345A-0C08-4635-BA4B-966934924434}.Release|ARM64.Build.0 = Release|ARM64
		{03D7345A-0C08-4635-BA4B-966934924434}.Release|ARM64.Deploy.0 = Release|ARM64
		{03D7345A-0C08-4635-BA4B-966934924434}.Release|x64.ActiveCfg = Release|x64
		{03D7345A-0C08-4635-BA4B-966934924434}.Release|x64.Build.0 = Release|x64
		{03D7345A-0C08-4635-BA4B-966934924434}.Release|x64.Deploy.0 = Release|x64
		{03D7345A-0C08-4635-BA4B-966934924434}.Release|x86.ActiveCfg = Release|x86
		{03D7345A-0C08-4635-BA4B-966934924434}.Release|x86.Build.0 = Release|x86
		{03D7345A-0C08-4635-BA4B-966934924434}.Release|x86.Deploy.0 = Release|x86
	EndGlobalSection
	GlobalSection(SolutionProperties) = preSolution
		HideSolutionNode = FALSE
	EndGlobalSection
	GlobalSection(ExtensibilityGlobals) = postSolution
		SolutionGuid = {A6E531D3-AC75-4078-BF0D-17434D4024C4}
	EndGlobalSection
EndGlobal
